
Microsoft Visual Studio Solution File, Format Version 12.00
# Visual Studio Version 17
VisualStudioVersion = 17.4.33213.308
MinimumVisualStudioVersion = 10.0.40219.1
Project("{FAE04EC0-301F-11D3-BF4B-00C04F79EFBC}") = "NewExerciseLog.UI", "NewExerciseLog\NewExerciseLog.UI.csproj", "{A410FF57-CCCF-4EFD-AB75-27D0C2C9318B}"
EndProject
Project("{00D1A9C2-B5F0-4AF3-8072-F6C62B433612}") = "ExerciseLog.DB", "ExerciseLog.DB\ExerciseLog.DB.sqlproj", "{663B17D9-3ED4-47D9-92AE-7A2BD4A4798F}"
EndProject
Global
	GlobalSection(SolutionConfigurationPlatforms) = preSolution
		Debug|Any CPU = Debug|Any CPU
		Release|Any CPU = Release|Any CPU
	EndGlobalSection
	GlobalSection(ProjectConfigurationPlatforms) = postSolution
		{A410FF57-CCCF-4EFD-AB75-27D0C2C9318B}.Debug|Any CPU.ActiveCfg = Debug|Any CPU
		{A410FF57-CCCF-4EFD-AB75-27D0C2C9318B}.Debug|Any CPU.Build.0 = Debug|Any CPU
		{A410FF57-CCCF-4EFD-AB75-27D0C2C9318B}.Release|Any CPU.ActiveCfg = Release|Any CPU
		{A410FF57-CCCF-4EFD-AB75-27D0C2C9318B}.Release|Any CPU.Build.0 = Release|Any CPU
		{663B17D9-3ED4-47D9-92AE-7A2BD4A4798F}.Debug|Any CPU.ActiveCfg = Debug|Any CPU
		{663B17D9-3ED4-47D9-92AE-7A2BD4A4798F}.Debug|Any CPU.Build.0 = Debug|Any CPU
		{663B17D9-3ED4-47D9-92AE-7A2BD4A4798F}.Debug|Any CPU.Deploy.0 = Debug|Any CPU
		{663B17D9-3ED4-47D9-92AE-7A2BD4A4798F}.Release|Any CPU.ActiveCfg = Release|Any CPU
		{663B17D9-3ED4-47D9-92AE-7A2BD4A4798F}.Release|Any CPU.Build.0 = Release|Any CPU
		{663B17D9-3ED4-47D9-92AE-7A2BD4A4798F}.Release|Any CPU.Deploy.0 = Release|Any CPU
	EndGlobalSection
	GlobalSection(SolutionProperties) = preSolution
		HideSolutionNode = FALSE
	EndGlobalSection
	GlobalSection(ExtensibilityGlobals) = postSolution
		SolutionGuid = {4C0C4CA8-532E-4C81-BF1D-D0C1286BC2F5}
	EndGlobalSection
EndGlobal
